
Microsoft Visual Studio Solution File, Format Version 12.00
# Visual Studio Version 16
VisualStudioVersion = 16.0.31313.79
MinimumVisualStudioVersion = 10.0.40219.1
Project("{FAE04EC0-301F-11D3-BF4B-00C04F79EFBC}") = "Demo.Humanizer", "Demo.Humanizer\Demo.Humanizer.csproj", "{0BB13C9B-1DD4-4320-AF49-5E873FB317BC}"
EndProject
Global
	GlobalSection(SolutionConfigurationPlatforms) = preSolution
		Debug|Any CPU = Debug|Any CPU
		Release|Any CPU = Release|Any CPU
	EndGlobalSection
	GlobalSection(ProjectConfigurationPlatforms) = postSolution
		{0BB13C9B-1DD4-4320-AF49-5E873FB317BC}.Debug|Any CPU.ActiveCfg = Debug|Any CPU
		{0BB13C9B-1DD4-4320-AF49-5E873FB317BC}.Debug|Any CPU.Build.0 = Debug|Any CPU
		{0BB13C9B-1DD4-4320-AF49-5E873FB317BC}.Release|Any CPU.ActiveCfg = Release|Any CPU
		{0BB13C9B-1DD4-4320-AF49-5E873FB317BC}.Release|Any CPU.Build.0 = Release|Any CPU
	EndGlobalSection
	GlobalSection(SolutionProperties) = preSolution
		HideSolutionNode = FALSE
	EndGlobalSection
	GlobalSection(ExtensibilityGlobals) = postSolution
		SolutionGuid = {7B607208-19D9-4106-955A-639E9DD7D76A}
	EndGlobalSection
EndGlobal
